
Microsoft Visual Studio Solution File, Format Version 12.00
# Visual Studio Version 17
VisualStudioVersion = 17.7.34024.191
MinimumVisualStudioVersion = 10.0.40219.1
Project("{FAE04EC0-301F-11D3-BF4B-00C04F79EFBC}") = "ConsoleAppdz7.6.1", "ConsoleAppdz7.6.1\ConsoleAppdz7.6.1.csproj", "{FA829946-98A9-4CB7-92A0-B8B7FFF6727C}"
EndProject
Global
	GlobalSection(SolutionConfigurationPlatforms) = preSolution
		Debug|Any CPU = Debug|Any CPU
		Release|Any CPU = Release|Any CPU
	EndGlobalSection
	GlobalSection(ProjectConfigurationPlatforms) = postSolution
		{FA829946-98A9-4CB7-92A0-B8B7FFF6727C}.Debug|Any CPU.ActiveCfg = Debug|Any CPU
		{FA829946-98A9-4CB7-92A0-B8B7FFF6727C}.Debug|Any CPU.Build.0 = Debug|Any CPU
		{FA829946-98A9-4CB7-92A0-B8B7FFF6727C}.Release|Any CPU.ActiveCfg = Release|Any CPU
		{FA829946-98A9-4CB7-92A0-B8B7FFF6727C}.Release|Any CPU.Build.0 = Release|Any CPU
	EndGlobalSection
	GlobalSection(SolutionProperties) = preSolution
		HideSolutionNode = FALSE
	EndGlobalSection
	GlobalSection(ExtensibilityGlobals) = postSolution
		SolutionGuid = {EA080A14-D51A-4350-9F17-34FE58A17212}
	EndGlobalSection
EndGlobal
